
Microsoft Visual Studio Solution File, Format Version 12.00
# Visual Studio 14
VisualStudioVersion = 14.0.25420.1
MinimumVisualStudioVersion = 10.0.40219.1
Project("{FAE04EC0-301F-11D3-BF4B-00C04F79EFBC}") = "DesktopAdmin", "DesktopAdmin\DesktopAdmin.csproj", "{41E47118-284B-4CC5-95F0-58A9927BC879}"
EndProject
Project("{FAE04EC0-301F-11D3-BF4B-00C04F79EFBC}") = "DesktopMerchant", "DesktopMerchant\DesktopMerchant.csproj", "{B83669DA-5E20-41EB-883E-E42A32A3FDCF}"
EndProject
Project("{FAE04EC0-301F-11D3-BF4B-00C04F79EFBC}") = "WebAdmin", "WebAdmin\WebAdmin.csproj", "{F9082DA8-0FDD-415D-831B-FAABD16764F2}"
EndProject
Project("{FAE04EC0-301F-11D3-BF4B-00C04F79EFBC}") = "WebMerchant", "WebMerchant\WebMerchant.csproj", "{233C01C9-D9CF-4B16-A646-4098A53B0D95}"
EndProject
Project("{FAE04EC0-301F-11D3-BF4B-00C04F79EFBC}") = "WebUser", "WebUser\WebUser.csproj", "{F1A4797A-6792-4CB3-91A2-ED264CB74B60}"
EndProject
Project("{FAE04EC0-301F-11D3-BF4B-00C04F79EFBC}") = "ExamSimulator", "ExamSimulator\ExamSimulator.csproj", "{1A84FE99-61EC-44E1-964E-735126F8C5D8}"
EndProject
Project("{54435603-DBB4-11D2-8724-00A0C9A8B90C}") = "ExamSimulatorSetup", "ExamSimulatorSetup\ExamSimulatorSetup.vdproj", "{1D50EBC2-6428-4BB0-AF44-F197B77AA00A}"
EndProject
Global
	GlobalSection(SolutionConfigurationPlatforms) = preSolution
		Debug|Any CPU = Debug|Any CPU
		Debug|x86 = Debug|x86
		Release|Any CPU = Release|Any CPU
		Release|x86 = Release|x86
	EndGlobalSection
	GlobalSection(ProjectConfigurationPlatforms) = postSolution
		{41E47118-284B-4CC5-95F0-58A9927BC879}.Debug|Any CPU.ActiveCfg = Debug|Any CPU
		{41E47118-284B-4CC5-95F0-58A9927BC879}.Debug|Any CPU.Build.0 = Debug|Any CPU
		{41E47118-284B-4CC5-95F0-58A9927BC879}.Debug|x86.ActiveCfg = Debug|x86
		{41E47118-284B-4CC5-95F0-58A9927BC879}.Debug|x86.Build.0 = Debug|x86
		{41E47118-284B-4CC5-95F0-58A9927BC879}.Release|Any CPU.ActiveCfg = Release|Any CPU
		{41E47118-284B-4CC5-95F0-58A9927BC879}.Release|Any CPU.Build.0 = Release|Any CPU
		{41E47118-284B-4CC5-95F0-58A9927BC879}.Release|x86.ActiveCfg = Release|x86
		{41E47118-284B-4CC5-95F0-58A9927BC879}.Release|x86.Build.0 = Release|x86
		{B83669DA-5E20-41EB-883E-E42A32A3FDCF}.Debug|Any CPU.ActiveCfg = Debug|Any CPU
		{B83669DA-5E20-41EB-883E-E42A32A3FDCF}.Debug|Any CPU.Build.0 = Debug|Any CPU
		{B83669DA-5E20-41EB-883E-E42A32A3FDCF}.Debug|x86.ActiveCfg = Debug|x86
		{B83669DA-5E20-41EB-883E-E42A32A3FDCF}.Debug|x86.Build.0 = Debug|x86
		{B83669DA-5E20-41EB-883E-E42A32A3FDCF}.Release|Any CPU.ActiveCfg = Release|Any CPU
		{B83669DA-5E20-41EB-883E-E42A32A3FDCF}.Release|Any CPU.Build.0 = Release|Any CPU
		{B83669DA-5E20-41EB-883E-E42A32A3FDCF}.Release|x86.ActiveCfg = Release|x86
		{B83669DA-5E20-41EB-883E-E42A32A3FDCF}.Release|x86.Build.0 = Release|x86
		{F9082DA8-0FDD-415D-831B-FAABD16764F2}.Debug|Any CPU.ActiveCfg = Debug|Any CPU
		{F9082DA8-0FDD-415D-831B-FAABD16764F2}.Debug|Any CPU.Build.0 = Debug|Any CPU
		{F9082DA8-0FDD-415D-831B-FAABD16764F2}.Debug|x86.ActiveCfg = Debug|x86
		{F9082DA8-0FDD-415D-831B-FAABD16764F2}.Debug|x86.Build.0 = Debug|x86
		{F9082DA8-0FDD-415D-831B-FAABD16764F2}.Release|Any CPU.ActiveCfg = Release|Any CPU
		{F9082DA8-0FDD-415D-831B-FAABD16764F2}.Release|Any CPU.Build.0 = Release|Any CPU
		{F9082DA8-0FDD-415D-831B-FAABD16764F2}.Release|x86.ActiveCfg = Release|x86
		{F9082DA8-0FDD-415D-831B-FAABD16764F2}.Release|x86.Build.0 = Release|x86
		{233C01C9-D9CF-4B16-A646-4098A53B0D95}.Debug|Any CPU.ActiveCfg = Debug|Any CPU
		{233C01C9-D9CF-4B16-A646-4098A53B0D95}.Debug|Any CPU.Build.0 = Debug|Any CPU
		{233C01C9-D9CF-4B16-A646-4098A53B0D95}.Debug|x86.ActiveCfg = Debug|x86
		{233C01C9-D9CF-4B16-A646-4098A53B0D95}.Debug|x86.Build.0 = Debug|x86
		{233C01C9-D9CF-4B16-A646-4098A53B0D95}.Release|Any CPU.ActiveCfg = Release|Any CPU
		{233C01C9-D9CF-4B16-A646-4098A53B0D95}.Release|Any CPU.Build.0 = Release|Any CPU
		{233C01C9-D9CF-4B16-A646-4098A53B0D95}.Release|x86.ActiveCfg = Release|x86
		{233C01C9-D9CF-4B16-A646-4098A53B0D95}.Release|x86.Build.0 = Release|x86
		{F1A4797A-6792-4CB3-91A2-ED264CB74B60}.Debug|Any CPU.ActiveCfg = Debug|Any CPU
		{F1A4797A-6792-4CB3-91A2-ED264CB74B60}.Debug|Any CPU.Build.0 = Debug|Any CPU
		{F1A4797A-6792-4CB3-91A2-ED264CB74B60}.Debug|x86.ActiveCfg = Debug|x86
		{F1A4797A-6792-4CB3-91A2-ED264CB74B60}.Debug|x86.Build.0 = Debug|x86
		{F1A4797A-6792-4CB3-91A2-ED264CB74B60}.Release|Any CPU.ActiveCfg = Release|Any CPU
		{F1A4797A-6792-4CB3-91A2-ED264CB74B60}.Release|Any CPU.Build.0 = Release|Any CPU
		{F1A4797A-6792-4CB3-91A2-ED264CB74B60}.Release|x86.ActiveCfg = Release|x86
		{F1A4797A-6792-4CB3-91A2-ED264CB74B60}.Release|x86.Build.0 = Release|x86
		{1A84FE99-61EC-44E1-964E-735126F8C5D8}.Debug|Any CPU.ActiveCfg = Debug|Any CPU
		{1A84FE99-61EC-44E1-964E-735126F8C5D8}.Debug|Any CPU.Build.0 = Debug|Any CPU
		{1A84FE99-61EC-44E1-964E-735126F8C5D8}.Debug|x86.ActiveCfg = Debug|Any CPU
		{1A84FE99-61EC-44E1-964E-735126F8C5D8}.Debug|x86.Build.0 = Debug|Any CPU
		{1A84FE99-61EC-44E1-964E-735126F8C5D8}.Release|Any CPU.ActiveCfg = Release|Any CPU
		{1A84FE99-61EC-44E1-964E-735126F8C5D8}.Release|Any CPU.Build.0 = Release|Any CPU
		{1A84FE99-61EC-44E1-964E-735126F8C5D8}.Release|x86.ActiveCfg = Release|Any CPU
		{1A84FE99-61EC-44E1-964E-735126F8C5D8}.Release|x86.Build.0 = Release|Any CPU
		{1D50EBC2-6428-4BB0-AF44-F197B77AA00A}.Debug|Any CPU.ActiveCfg = Debug
		{1D50EBC2-6428-4BB0-AF44-F197B77AA00A}.Debug|x86.ActiveCfg = Debug
		{1D50EBC2-6428-4BB0-AF44-F197B77AA00A}.Release|Any CPU.ActiveCfg = Release
		{1D50EBC2-6428-4BB0-AF44-F197B77AA00A}.Release|x86.ActiveCfg = Release
	EndGlobalSection
	GlobalSection(SolutionProperties) = preSolution
		HideSolutionNode = FALSE
	EndGlobalSection
EndGlobal
